
Microsoft Visual Studio Solution File, Format Version 12.00
# Visual Studio Version 17
VisualStudioVersion = 17.13.35825.156
MinimumVisualStudioVersion = 10.0.40219.1
Project("{8BC9CEB8-8B4A-11D0-8D11-00A0C91BC942}") = "DS02", "DS02\DS02.vcxproj", "{64F1FC19-3E92-499D-AC7C-7FC182B2EC22}"
	ProjectSection(ProjectDependencies) = postProject
		{41F7B223-BB9D-4BFD-A32C-E49D52369A00} = {41F7B223-BB9D-4BFD-A32C-E49D52369A00}
	EndProjectSection
EndProject
Project("{8BC9CEB8-8B4A-11D0-8D11-00A0C91BC942}") = "Shared", "Shared\Shared.vcxproj", "{41F7B223-BB9D-4BFD-A32C-E49D52369A00}"
EndProject
Project("{8BC9CEB8-8B4A-11D0-8D11-00A0C91BC942}") = "DS03", "DS03\DS03.vcxproj", "{EB5E0400-1ACC-41A2-A24B-E58C80D22BAE}"
	ProjectSection(ProjectDependencies) = postProject
		{41F7B223-BB9D-4BFD-A32C-E49D52369A00} = {41F7B223-BB9D-4BFD-A32C-E49D52369A00}
	EndProjectSection
EndProject
Project("{8BC9CEB8-8B4A-11D0-8D11-00A0C91BC942}") = "DS04", "DS04\DS04.vcxproj", "{EEE32219-9D45-45C7-9BCF-CA81FC554B22}"
	ProjectSection(ProjectDependencies) = postProject
		{41F7B223-BB9D-4BFD-A32C-E49D52369A00} = {41F7B223-BB9D-4BFD-A32C-E49D52369A00}
	EndProjectSection
EndProject
Project("{8BC9CEB8-8B4A-11D0-8D11-00A0C91BC942}") = "DS05", "DS05\DS05.vcxproj", "{62E4AA3B-3743-4A33-8542-68B5FF6B0128}"
	ProjectSection(ProjectDependencies) = postProject
		{41F7B223-BB9D-4BFD-A32C-E49D52369A00} = {41F7B223-BB9D-4BFD-A32C-E49D52369A00}
	EndProjectSection
EndProject
Project("{8BC9CEB8-8B4A-11D0-8D11-00A0C91BC942}") = "DS06", "DS06\DS06.vcxproj", "{5ACCFF64-32EF-48E2-9736-C92F9BC676EB}"
	ProjectSection(ProjectDependencies) = postProject
		{41F7B223-BB9D-4BFD-A32C-E49D52369A00} = {41F7B223-BB9D-4BFD-A32C-E49D52369A00}
	EndProjectSection
EndProject
Project("{8BC9CEB8-8B4A-11D0-8D11-00A0C91BC942}") = "DS07", "DS07\DS07.vcxproj", "{69B48F88-D561-4C29-A076-FC45D2AF9B74}"
	ProjectSection(ProjectDependencies) = postProject
		{41F7B223-BB9D-4BFD-A32C-E49D52369A00} = {41F7B223-BB9D-4BFD-A32C-E49D52369A00}
	EndProjectSection
EndProject
Project("{8BC9CEB8-8B4A-11D0-8D11-00A0C91BC942}") = "DS08", "DS08\DS08.vcxproj", "{B14B961D-7AAE-4FE8-ABDC-9A2F144C4353}"
	ProjectSection(ProjectDependencies) = postProject
		{41F7B223-BB9D-4BFD-A32C-E49D52369A00} = {41F7B223-BB9D-4BFD-A32C-E49D52369A00}
	EndProjectSection
EndProject
Project("{8BC9CEB8-8B4A-11D0-8D11-00A0C91BC942}") = "DS09", "S09\S09.vcxproj", "{D51AB663-19B5-42FD-96C0-DE4826A4BCFB}"
EndProject
Project("{8BC9CEB8-8B4A-11D0-8D11-00A0C91BC942}") = "DS10", "DS10\DS10.vcxproj", "{E744EF0A-F498-44E5-81FE-237A62AC6F22}"
EndProject
Project("{8BC9CEB8-8B4A-11D0-8D11-00A0C91BC942}") = "DS11", "DS11\DS11.vcxproj", "{2A36F194-8C88-4952-ACCA-FDC60BCDBAF9}"
EndProject
Global
	GlobalSection(SolutionConfigurationPlatforms) = preSolution
		Debug|x64 = Debug|x64
		Debug|x86 = Debug|x86
		Release|x64 = Release|x64
		Release|x86 = Release|x86
	EndGlobalSection
	GlobalSection(ProjectConfigurationPlatforms) = postSolution
		{64F1FC19-3E92-499D-AC7C-7FC182B2EC22}.Debug|x64.ActiveCfg = Debug|x64
		{64F1FC19-3E92-499D-AC7C-7FC182B2EC22}.Debug|x64.Build.0 = Debug|x64
		{64F1FC19-3E92-499D-AC7C-7FC182B2EC22}.Debug|x86.ActiveCfg = Debug|Win32
		{64F1FC19-3E92-499D-AC7C-7FC182B2EC22}.Debug|x86.Build.0 = Debug|Win32
		{64F1FC19-3E92-499D-AC7C-7FC182B2EC22}.Release|x64.ActiveCfg = Release|x64
		{64F1FC19-3E92-499D-AC7C-7FC182B2EC22}.Release|x64.Build.0 = Release|x64
		{64F1FC19-3E92-499D-AC7C-7FC182B2EC22}.Release|x86.ActiveCfg = Release|Win32
		{64F1FC19-3E92-499D-AC7C-7FC182B2EC22}.Release|x86.Build.0 = Release|Win32
		{41F7B223-BB9D-4BFD-A32C-E49D52369A00}.Debug|x64.ActiveCfg = Debug|x64
		{41F7B223-BB9D-4BFD-A32C-E49D52369A00}.Debug|x64.Build.0 = Debug|x64
		{41F7B223-BB9D-4BFD-A32C-E49D52369A00}.Debug|x86.ActiveCfg = Debug|Win32
		{41F7B223-BB9D-4BFD-A32C-E49D52369A00}.Debug|x86.Build.0 = Debug|Win32
		{41F7B223-BB9D-4BFD-A32C-E49D52369A00}.Release|x64.ActiveCfg = Release|x64
		{41F7B223-BB9D-4BFD-A32C-E49D52369A00}.Release|x64.Build.0 = Release|x64
		{41F7B223-BB9D-4BFD-A32C-E49D52369A00}.Release|x86.ActiveCfg = Release|Win32
		{41F7B223-BB9D-4BFD-A32C-E49D52369A00}.Release|x86.Build.0 = Release|Win32
		{EB5E0400-1ACC-41A2-A24B-E58C80D22BAE}.Debug|x64.ActiveCfg = Debug|x64
		{EB5E0400-1ACC-41A2-A24B-E58C80D22BAE}.Debug|x64.Build.0 = Debug|x64
		{EB5E0400-1ACC-41A2-A24B-E58C80D22BAE}.Debug|x86.ActiveCfg = Debug|Win32
		{EB5E0400-1ACC-41A2-A24B-E58C80D22BAE}.Debug|x86.Build.0 = Debug|Win32
		{EB5E0400-1ACC-41A2-A24B-E58C80D22BAE}.Release|x64.ActiveCfg = Release|x64
		{EB5E0400-1ACC-41A2-A24B-E58C80D22BAE}.Release|x64.Build.0 = Release|x64
		{EB5E0400-1ACC-41A2-A24B-E58C80D22BAE}.Release|x86.ActiveCfg = Release|Win32
		{EB5E0400-1ACC-41A2-A24B-E58C80D22BAE}.Release|x86.Build.0 = Release|Win32
		{EEE32219-9D45-45C7-9BCF-CA81FC554B22}.Debug|x64.ActiveCfg = Debug|x64
		{EEE32219-9D45-45C7-9BCF-CA81FC554B22}.Debug|x64.Build.0 = Debug|x64
		{EEE32219-9D45-45C7-9BCF-CA81FC554B22}.Debug|x86.ActiveCfg = Debug|Win32
		{EEE32219-9D45-45C7-9BCF-CA81FC554B22}.Debug|x86.Build.0 = Debug|Win32
		{EEE32219-9D45-45C7-9BCF-CA81FC554B22}.Release|x64.ActiveCfg = Release|x64
		{EEE32219-9D45-45C7-9BCF-CA81FC554B22}.Release|x64.Build.0 = Release|x64
		{EEE32219-9D45-45C7-9BCF-CA81FC554B22}.Release|x86.ActiveCfg = Release|Win32
		{EEE32219-9D45-45C7-9BCF-CA81FC554B22}.Release|x86.Build.0 = Release|Win32
		{62E4AA3B-3743-4A33-8542-68B5FF6B0128}.Debug|x64.ActiveCfg = Debug|x64
		{62E4AA3B-3743-4A33-8542-68B5FF6B0128}.Debug|x64.Build.0 = Debug|x64
		{62E4AA3B-3743-4A33-8542-68B5FF6B0128}.Debug|x86.ActiveCfg = Debug|Win32
		{62E4AA3B-3743-4A33-8542-68B5FF6B0128}.Debug|x86.Build.0 = Debug|Win32
		{62E4AA3B-3743-4A33-8542-68B5FF6B0128}.Release|x64.ActiveCfg = Release|x64
		{62E4AA3B-3743-4A33-8542-68B5FF6B0128}.Release|x64.Build.0 = Release|x64
		{62E4AA3B-3743-4A33-8542-68B5FF6B0128}.Release|x86.ActiveCfg = Release|Win32
		{62E4AA3B-3743-4A33-8542-68B5FF6B0128}.Release|x86.Build.0 = Release|Win32
		{5ACCFF64-32EF-48E2-9736-C92F9BC676EB}.Debug|x64.ActiveCfg = Debug|x64
		{5ACCFF64-32EF-48E2-9736-C92F9BC676EB}.Debug|x64.Build.0 = Debug|x64
		{5ACCFF64-32EF-48E2-9736-C92F9BC676EB}.Debug|x86.ActiveCfg = Debug|Win32
		{5ACCFF64-32EF-48E2-9736-C92F9BC676EB}.Debug|x86.Build.0 = Debug|Win32
		{5ACCFF64-32EF-48E2-9736-C92F9BC676EB}.Release|x64.ActiveCfg = Release|x64
		{5ACCFF64-32EF-48E2-9736-C92F9BC676EB}.Release|x64.Build.0 = Release|x64
		{5ACCFF64-32EF-48E2-9736-C92F9BC676EB}.Release|x86.ActiveCfg = Release|Win32
		{5ACCFF64-32EF-48E2-9736-C92F9BC676EB}.Release|x86.Build.0 = Release|Win32
		{69B48F88-D561-4C29-A076-FC45D2AF9B74}.Debug|x64.ActiveCfg = Debug|x64
		{69B48F88-D561-4C29-A076-FC45D2AF9B74}.Debug|x64.Build.0 = Debug|x64
		{69B48F88-D561-4C29-A076-FC45D2AF9B74}.Debug|x86.ActiveCfg = Debug|Win32
		{69B48F88-D561-4C29-A076-FC45D2AF9B74}.Debug|x86.Build.0 = Debug|Win32
		{69B48F88-D561-4C29-A076-FC45D2AF9B74}.Release|x64.ActiveCfg = Release|x64
		{69B48F88-D561-4C29-A076-FC45D2AF9B74}.Release|x64.Build.0 = Release|x64
		{69B48F88-D561-4C29-A076-FC45D2AF9B74}.Release|x86.ActiveCfg = Release|Win32
		{69B48F88-D561-4C29-A076-FC45D2AF9B74}.Release|x86.Build.0 = Release|Win32
		{B14B961D-7AAE-4FE8-ABDC-9A2F144C4353}.Debug|x64.ActiveCfg = Debug|x64
		{B14B961D-7AAE-4FE8-ABDC-9A2F144C4353}.Debug|x64.Build.0 = Debug|x64
		{B14B961D-7AAE-4FE8-ABDC-9A2F144C4353}.Debug|x86.ActiveCfg = Debug|Win32
		{B14B961D-7AAE-4FE8-ABDC-9A2F144C4353}.Debug|x86.Build.0 = Debug|Win32
		{B14B961D-7AAE-4FE8-ABDC-9A2F144C4353}.Release|x64.ActiveCfg = Release|x64
		{B14B961D-7AAE-4FE8-ABDC-9A2F144C4353}.Release|x64.Build.0 = Release|x64
		{B14B961D-7AAE-4FE8-ABDC-9A2F144C4353}.Release|x86.ActiveCfg = Release|Win32
		{B14B961D-7AAE-4FE8-ABDC-9A2F144C4353}.Release|x86.Build.0 = Release|Win32
		{D51AB663-19B5-42FD-96C0-DE4826A4BCFB}.Debug|x64.ActiveCfg = Debug|x64
		{D51AB663-19B5-42FD-96C0-DE4826A4BCFB}.Debug|x64.Build.0 = Debug|x64
		{D51AB663-19B5-42FD-96C0-DE4826A4BCFB}.Debug|x86.ActiveCfg = Debug|Win32
		{D51AB663-19B5-42FD-96C0-DE4826A4BCFB}.Debug|x86.Build.0 = Debug|Win32
		{D51AB663-19B5-42FD-96C0-DE4826A4BCFB}.Release|x64.ActiveCfg = Release|x64
		{D51AB663-19B5-42FD-96C0-DE4826A4BCFB}.Release|x64.Build.0 = Release|x64
		{D51AB663-19B5-42FD-96C0-DE4826A4BCFB}.Release|x86.ActiveCfg = Release|Win32
		{D51AB663-19B5-42FD-96C0-DE4826A4BCFB}.Release|x86.Build.0 = Release|Win32
		{E744EF0A-F498-44E5-81FE-237A62AC6F22}.Debug|x64.ActiveCfg = Debug|x64
		{E744EF0A-F498-44E5-81FE-237A62AC6F22}.Debug|x64.Build.0 = Debug|x64
		{E744EF0A-F498-44E5-81FE-237A62AC6F22}.Debug|x86.ActiveCfg = Debug|Win32
		{E744EF0A-F498-44E5-81FE-237A62AC6F22}.Debug|x86.Build.0 = Debug|Win32
		{E744EF0A-F498-44E5-81FE-237A62AC6F22}.Release|x64.ActiveCfg = Release|x64
		{E744EF0A-F498-44E5-81FE-237A62AC6F22}.Release|x64.Build.0 = Release|x64
		{E744EF0A-F498-44E5-81FE-237A62AC6F22}.Release|x86.ActiveCfg = Release|Win32
		{E744EF0A-F498-44E5-81FE-237A62AC6F22}.Release|x86.Build.0 = Release|Win32
		{2A36F194-8C88-4952-ACCA-FDC60BCDBAF9}.Debug|x64.ActiveCfg = Debug|x64
		{2A36F194-8C88-4952-ACCA-FDC60BCDBAF9}.Debug|x64.Build.0 = Debug|x64
		{2A36F194-8C88-4952-ACCA-FDC60BCDBAF9}.Debug|x86.ActiveCfg = Debug|Win32
		{2A36F194-8C88-4952-ACCA-FDC60BCDBAF9}.Debug|x86.Build.0 = Debug|Win32
		{2A36F194-8C88-4952-ACCA-FDC60BCDBAF9}.Release|x64.ActiveCfg = Release|x64
		{2A36F194-8C88-4952-ACCA-FDC60BCDBAF9}.Release|x64.Build.0 = Release|x64
		{2A36F194-8C88-4952-ACCA-FDC60BCDBAF9}.Release|x86.ActiveCfg = Release|Win32
		{2A36F194-8C88-4952-ACCA-FDC60BCDBAF9}.Release|x86.Build.0 = Release|Win32
	EndGlobalSection
	GlobalSection(SolutionProperties) = preSolution
		HideSolutionNode = FALSE
	EndGlobalSection
	GlobalSection(ExtensibilityGlobals) = postSolution
		SolutionGuid = {00A9D89F-5138-470D-867B-609805B77E99}
	EndGlobalSection
EndGlobal
