
Microsoft Visual Studio Solution File, Format Version 12.00
# Visual Studio Version 17
VisualStudioVersion = 17.12.35707.178
MinimumVisualStudioVersion = 10.0.40219.1
Project("{8BC9CEB8-8B4A-11D0-8D11-00A0C91BC942}") = "S01", "S01\S01.vcxproj", "{180653FF-0F5B-4119-8638-98AC5646DF62}"
	ProjectSection(ProjectDependencies) = postProject
		{A34DA7D9-A573-4C7E-9DA7-AD7E9C73E9DC} = {A34DA7D9-A573-4C7E-9DA7-AD7E9C73E9DC}
	EndProjectSection
EndProject
Project("{8BC9CEB8-8B4A-11D0-8D11-00A0C91BC942}") = "Shared", "Shared\Shared.vcxproj", "{A34DA7D9-A573-4C7E-9DA7-AD7E9C73E9DC}"
EndProject
Project("{8BC9CEB8-8B4A-11D0-8D11-00A0C91BC942}") = "S02", "S02\S02.vcxproj", "{5BEE80CE-DD53-4023-A8F4-2DC84ECEAF00}"
	ProjectSection(ProjectDependencies) = postProject
		{A34DA7D9-A573-4C7E-9DA7-AD7E9C73E9DC} = {A34DA7D9-A573-4C7E-9DA7-AD7E9C73E9DC}
	EndProjectSection
EndProject
Project("{8BC9CEB8-8B4A-11D0-8D11-00A0C91BC942}") = "S03", "S03\S03.vcxproj", "{EB0C87E4-F74F-4A6B-B555-4C3694591BE6}"
	ProjectSection(ProjectDependencies) = postProject
		{A34DA7D9-A573-4C7E-9DA7-AD7E9C73E9DC} = {A34DA7D9-A573-4C7E-9DA7-AD7E9C73E9DC}
	EndProjectSection
EndProject
Project("{8BC9CEB8-8B4A-11D0-8D11-00A0C91BC942}") = "S04", "S04\S04.vcxproj", "{5FE3302F-8CCD-4EDF-8521-0979D397CAD9}"
EndProject
Project("{8BC9CEB8-8B4A-11D0-8D11-00A0C91BC942}") = "S05", "S05\S05.vcxproj", "{7692D4C8-430A-4B93-ADA2-FDC741DDD8DF}"
EndProject
Project("{8BC9CEB8-8B4A-11D0-8D11-00A0C91BC942}") = "S06", "S06\S06.vcxproj", "{E26DB46C-15F4-44E4-A1F1-BD105460EB4F}"
EndProject
Project("{8BC9CEB8-8B4A-11D0-8D11-00A0C91BC942}") = "S07_Test", "S07_Test\S07_Test.vcxproj", "{7CBE63A9-371D-4EF9-8851-E789F5508A5B}"
EndProject
Project("{8BC9CEB8-8B4A-11D0-8D11-00A0C91BC942}") = "S08", "S08\S08.vcxproj", "{6DC08CE9-0779-48B4-83B6-75E8064F118E}"
EndProject
Project("{8BC9CEB8-8B4A-11D0-8D11-00A0C91BC942}") = "S09", "S09\S09.vcxproj", "{503A73AB-9233-4D1D-B0F3-79650DDF1C81}"
EndProject
Project("{8BC9CEB8-8B4A-11D0-8D11-00A0C91BC942}") = "S11", "S11\S11.vcxproj", "{96F959E9-1C60-45A0-AE0E-2B83821932FF}"
EndProject
Project("{8BC9CEB8-8B4A-11D0-8D11-00A0C91BC942}") = "S12", "S12\S12.vcxproj", "{5FB03357-D221-490F-83B1-6C712EF84307}"
EndProject
Project("{8BC9CEB8-8B4A-11D0-8D11-00A0C91BC942}") = "S13_Test", "S13_Test\S13_Test.vcxproj", "{2813CDEA-FBFE-4C4F-A6F5-2BFBE44721AD}"
EndProject
Project("{8BC9CEB8-8B4A-11D0-8D11-00A0C91BC942}") = "S07_CreditTest", "S07_CreditTest\S07_CreditTest.vcxproj", "{5DB9E8B5-827E-4BEC-9DC5-6F53F9CF4736}"
EndProject
Project("{8BC9CEB8-8B4A-11D0-8D11-00A0C91BC942}") = "S13_Test_Credit", "S13_Test_Credit\S13_Test_Credit.vcxproj", "{37BC27C0-650D-4D38-BB9F-8770AD73F9FF}"
EndProject
Global
	GlobalSection(SolutionConfigurationPlatforms) = preSolution
		Debug|x64 = Debug|x64
		Debug|x86 = Debug|x86
		Release|x64 = Release|x64
		Release|x86 = Release|x86
	EndGlobalSection
	GlobalSection(ProjectConfigurationPlatforms) = postSolution
		{180653FF-0F5B-4119-8638-98AC5646DF62}.Debug|x64.ActiveCfg = Debug|x64
		{180653FF-0F5B-4119-8638-98AC5646DF62}.Debug|x64.Build.0 = Debug|x64
		{180653FF-0F5B-4119-8638-98AC5646DF62}.Debug|x86.ActiveCfg = Debug|Win32
		{180653FF-0F5B-4119-8638-98AC5646DF62}.Debug|x86.Build.0 = Debug|Win32
		{180653FF-0F5B-4119-8638-98AC5646DF62}.Release|x64.ActiveCfg = Release|x64
		{180653FF-0F5B-4119-8638-98AC5646DF62}.Release|x64.Build.0 = Release|x64
		{180653FF-0F5B-4119-8638-98AC5646DF62}.Release|x86.ActiveCfg = Release|Win32
		{180653FF-0F5B-4119-8638-98AC5646DF62}.Release|x86.Build.0 = Release|Win32
		{A34DA7D9-A573-4C7E-9DA7-AD7E9C73E9DC}.Debug|x64.ActiveCfg = Debug|x64
		{A34DA7D9-A573-4C7E-9DA7-AD7E9C73E9DC}.Debug|x64.Build.0 = Debug|x64
		{A34DA7D9-A573-4C7E-9DA7-AD7E9C73E9DC}.Debug|x86.ActiveCfg = Debug|Win32
		{A34DA7D9-A573-4C7E-9DA7-AD7E9C73E9DC}.Debug|x86.Build.0 = Debug|Win32
		{A34DA7D9-A573-4C7E-9DA7-AD7E9C73E9DC}.Release|x64.ActiveCfg = Release|x64
		{A34DA7D9-A573-4C7E-9DA7-AD7E9C73E9DC}.Release|x64.Build.0 = Release|x64
		{A34DA7D9-A573-4C7E-9DA7-AD7E9C73E9DC}.Release|x86.ActiveCfg = Release|Win32
		{A34DA7D9-A573-4C7E-9DA7-AD7E9C73E9DC}.Release|x86.Build.0 = Release|Win32
		{5BEE80CE-DD53-4023-A8F4-2DC84ECEAF00}.Debug|x64.ActiveCfg = Debug|x64
		{5BEE80CE-DD53-4023-A8F4-2DC84ECEAF00}.Debug|x64.Build.0 = Debug|x64
		{5BEE80CE-DD53-4023-A8F4-2DC84ECEAF00}.Debug|x86.ActiveCfg = Debug|Win32
		{5BEE80CE-DD53-4023-A8F4-2DC84ECEAF00}.Debug|x86.Build.0 = Debug|Win32
		{5BEE80CE-DD53-4023-A8F4-2DC84ECEAF00}.Release|x64.ActiveCfg = Release|x64
		{5BEE80CE-DD53-4023-A8F4-2DC84ECEAF00}.Release|x64.Build.0 = Release|x64
		{5BEE80CE-DD53-4023-A8F4-2DC84ECEAF00}.Release|x86.ActiveCfg = Release|Win32
		{5BEE80CE-DD53-4023-A8F4-2DC84ECEAF00}.Release|x86.Build.0 = Release|Win32
		{EB0C87E4-F74F-4A6B-B555-4C3694591BE6}.Debug|x64.ActiveCfg = Debug|x64
		{EB0C87E4-F74F-4A6B-B555-4C3694591BE6}.Debug|x64.Build.0 = Debug|x64
		{EB0C87E4-F74F-4A6B-B555-4C3694591BE6}.Debug|x86.ActiveCfg = Debug|Win32
		{EB0C87E4-F74F-4A6B-B555-4C3694591BE6}.Debug|x86.Build.0 = Debug|Win32
		{EB0C87E4-F74F-4A6B-B555-4C3694591BE6}.Release|x64.ActiveCfg = Release|x64
		{EB0C87E4-F74F-4A6B-B555-4C3694591BE6}.Release|x64.Build.0 = Release|x64
		{EB0C87E4-F74F-4A6B-B555-4C3694591BE6}.Release|x86.ActiveCfg = Release|Win32
		{EB0C87E4-F74F-4A6B-B555-4C3694591BE6}.Release|x86.Build.0 = Release|Win32
		{5FE3302F-8CCD-4EDF-8521-0979D397CAD9}.Debug|x64.ActiveCfg = Debug|x64
		{5FE3302F-8CCD-4EDF-8521-0979D397CAD9}.Debug|x64.Build.0 = Debug|x64
		{5FE3302F-8CCD-4EDF-8521-0979D397CAD9}.Debug|x86.ActiveCfg = Debug|Win32
		{5FE3302F-8CCD-4EDF-8521-0979D397CAD9}.Debug|x86.Build.0 = Debug|Win32
		{5FE3302F-8CCD-4EDF-8521-0979D397CAD9}.Release|x64.ActiveCfg = Release|x64
		{5FE3302F-8CCD-4EDF-8521-0979D397CAD9}.Release|x64.Build.0 = Release|x64
		{5FE3302F-8CCD-4EDF-8521-0979D397CAD9}.Release|x86.ActiveCfg = Release|Win32
		{5FE3302F-8CCD-4EDF-8521-0979D397CAD9}.Release|x86.Build.0 = Release|Win32
		{7692D4C8-430A-4B93-ADA2-FDC741DDD8DF}.Debug|x64.ActiveCfg = Debug|x64
		{7692D4C8-430A-4B93-ADA2-FDC741DDD8DF}.Debug|x64.Build.0 = Debug|x64
		{7692D4C8-430A-4B93-ADA2-FDC741DDD8DF}.Debug|x86.ActiveCfg = Debug|Win32
		{7692D4C8-430A-4B93-ADA2-FDC741DDD8DF}.Debug|x86.Build.0 = Debug|Win32
		{7692D4C8-430A-4B93-ADA2-FDC741DDD8DF}.Release|x64.ActiveCfg = Release|x64
		{7692D4C8-430A-4B93-ADA2-FDC741DDD8DF}.Release|x64.Build.0 = Release|x64
		{7692D4C8-430A-4B93-ADA2-FDC741DDD8DF}.Release|x86.ActiveCfg = Release|Win32
		{7692D4C8-430A-4B93-ADA2-FDC741DDD8DF}.Release|x86.Build.0 = Release|Win32
		{E26DB46C-15F4-44E4-A1F1-BD105460EB4F}.Debug|x64.ActiveCfg = Debug|x64
		{E26DB46C-15F4-44E4-A1F1-BD105460EB4F}.Debug|x64.Build.0 = Debug|x64
		{E26DB46C-15F4-44E4-A1F1-BD105460EB4F}.Debug|x86.ActiveCfg = Debug|Win32
		{E26DB46C-15F4-44E4-A1F1-BD105460EB4F}.Debug|x86.Build.0 = Debug|Win32
		{E26DB46C-15F4-44E4-A1F1-BD105460EB4F}.Release|x64.ActiveCfg = Release|x64
		{E26DB46C-15F4-44E4-A1F1-BD105460EB4F}.Release|x64.Build.0 = Release|x64
		{E26DB46C-15F4-44E4-A1F1-BD105460EB4F}.Release|x86.ActiveCfg = Release|Win32
		{E26DB46C-15F4-44E4-A1F1-BD105460EB4F}.Release|x86.Build.0 = Release|Win32
		{7CBE63A9-371D-4EF9-8851-E789F5508A5B}.Debug|x64.ActiveCfg = Debug|x64
		{7CBE63A9-371D-4EF9-8851-E789F5508A5B}.Debug|x64.Build.0 = Debug|x64
		{7CBE63A9-371D-4EF9-8851-E789F5508A5B}.Debug|x86.ActiveCfg = Debug|Win32
		{7CBE63A9-371D-4EF9-8851-E789F5508A5B}.Debug|x86.Build.0 = Debug|Win32
		{7CBE63A9-371D-4EF9-8851-E789F5508A5B}.Release|x64.ActiveCfg = Release|x64
		{7CBE63A9-371D-4EF9-8851-E789F5508A5B}.Release|x64.Build.0 = Release|x64
		{7CBE63A9-371D-4EF9-8851-E789F5508A5B}.Release|x86.ActiveCfg = Release|Win32
		{7CBE63A9-371D-4EF9-8851-E789F5508A5B}.Release|x86.Build.0 = Release|Win32
		{6DC08CE9-0779-48B4-83B6-75E8064F118E}.Debug|x64.ActiveCfg = Debug|x64
		{6DC08CE9-0779-48B4-83B6-75E8064F118E}.Debug|x64.Build.0 = Debug|x64
		{6DC08CE9-0779-48B4-83B6-75E8064F118E}.Debug|x86.ActiveCfg = Debug|Win32
		{6DC08CE9-0779-48B4-83B6-75E8064F118E}.Debug|x86.Build.0 = Debug|Win32
		{6DC08CE9-0779-48B4-83B6-75E8064F118E}.Release|x64.ActiveCfg = Release|x64
		{6DC08CE9-0779-48B4-83B6-75E8064F118E}.Release|x64.Build.0 = Release|x64
		{6DC08CE9-0779-48B4-83B6-75E8064F118E}.Release|x86.ActiveCfg = Release|Win32
		{6DC08CE9-0779-48B4-83B6-75E8064F118E}.Release|x86.Build.0 = Release|Win32
		{503A73AB-9233-4D1D-B0F3-79650DDF1C81}.Debug|x64.ActiveCfg = Debug|x64
		{503A73AB-9233-4D1D-B0F3-79650DDF1C81}.Debug|x64.Build.0 = Debug|x64
		{503A73AB-9233-4D1D-B0F3-79650DDF1C81}.Debug|x86.ActiveCfg = Debug|Win32
		{503A73AB-9233-4D1D-B0F3-79650DDF1C81}.Debug|x86.Build.0 = Debug|Win32
		{503A73AB-9233-4D1D-B0F3-79650DDF1C81}.Release|x64.ActiveCfg = Release|x64
		{503A73AB-9233-4D1D-B0F3-79650DDF1C81}.Release|x64.Build.0 = Release|x64
		{503A73AB-9233-4D1D-B0F3-79650DDF1C81}.Release|x86.ActiveCfg = Release|Win32
		{503A73AB-9233-4D1D-B0F3-79650DDF1C81}.Release|x86.Build.0 = Release|Win32
		{96F959E9-1C60-45A0-AE0E-2B83821932FF}.Debug|x64.ActiveCfg = Debug|x64
		{96F959E9-1C60-45A0-AE0E-2B83821932FF}.Debug|x64.Build.0 = Debug|x64
		{96F959E9-1C60-45A0-AE0E-2B83821932FF}.Debug|x86.ActiveCfg = Debug|Win32
		{96F959E9-1C60-45A0-AE0E-2B83821932FF}.Debug|x86.Build.0 = Debug|Win32
		{96F959E9-1C60-45A0-AE0E-2B83821932FF}.Release|x64.ActiveCfg = Release|x64
		{96F959E9-1C60-45A0-AE0E-2B83821932FF}.Release|x64.Build.0 = Release|x64
		{96F959E9-1C60-45A0-AE0E-2B83821932FF}.Release|x86.ActiveCfg = Release|Win32
		{96F959E9-1C60-45A0-AE0E-2B83821932FF}.Release|x86.Build.0 = Release|Win32
		{5FB03357-D221-490F-83B1-6C712EF84307}.Debug|x64.ActiveCfg = Debug|x64
		{5FB03357-D221-490F-83B1-6C712EF84307}.Debug|x64.Build.0 = Debug|x64
		{5FB03357-D221-490F-83B1-6C712EF84307}.Debug|x86.ActiveCfg = Debug|Win32
		{5FB03357-D221-490F-83B1-6C712EF84307}.Debug|x86.Build.0 = Debug|Win32
		{5FB03357-D221-490F-83B1-6C712EF84307}.Release|x64.ActiveCfg = Release|x64
		{5FB03357-D221-490F-83B1-6C712EF84307}.Release|x64.Build.0 = Release|x64
		{5FB03357-D221-490F-83B1-6C712EF84307}.Release|x86.ActiveCfg = Release|Win32
		{5FB03357-D221-490F-83B1-6C712EF84307}.Release|x86.Build.0 = Release|Win32
		{2813CDEA-FBFE-4C4F-A6F5-2BFBE44721AD}.Debug|x64.ActiveCfg = Debug|x64
		{2813CDEA-FBFE-4C4F-A6F5-2BFBE44721AD}.Debug|x64.Build.0 = Debug|x64
		{2813CDEA-FBFE-4C4F-A6F5-2BFBE44721AD}.Debug|x86.ActiveCfg = Debug|Win32
		{2813CDEA-FBFE-4C4F-A6F5-2BFBE44721AD}.Debug|x86.Build.0 = Debug|Win32
		{2813CDEA-FBFE-4C4F-A6F5-2BFBE44721AD}.Release|x64.ActiveCfg = Release|x64
		{2813CDEA-FBFE-4C4F-A6F5-2BFBE44721AD}.Release|x64.Build.0 = Release|x64
		{2813CDEA-FBFE-4C4F-A6F5-2BFBE44721AD}.Release|x86.ActiveCfg = Release|Win32
		{2813CDEA-FBFE-4C4F-A6F5-2BFBE44721AD}.Release|x86.Build.0 = Release|Win32
		{5DB9E8B5-827E-4BEC-9DC5-6F53F9CF4736}.Debug|x64.ActiveCfg = Debug|x64
		{5DB9E8B5-827E-4BEC-9DC5-6F53F9CF4736}.Debug|x64.Build.0 = Debug|x64
		{5DB9E8B5-827E-4BEC-9DC5-6F53F9CF4736}.Debug|x86.ActiveCfg = Debug|Win32
		{5DB9E8B5-827E-4BEC-9DC5-6F53F9CF4736}.Debug|x86.Build.0 = Debug|Win32
		{5DB9E8B5-827E-4BEC-9DC5-6F53F9CF4736}.Release|x64.ActiveCfg = Release|x64
		{5DB9E8B5-827E-4BEC-9DC5-6F53F9CF4736}.Release|x64.Build.0 = Release|x64
		{5DB9E8B5-827E-4BEC-9DC5-6F53F9CF4736}.Release|x86.ActiveCfg = Release|Win32
		{5DB9E8B5-827E-4BEC-9DC5-6F53F9CF4736}.Release|x86.Build.0 = Release|Win32
		{37BC27C0-650D-4D38-BB9F-8770AD73F9FF}.Debug|x64.ActiveCfg = Debug|x64
		{37BC27C0-650D-4D38-BB9F-8770AD73F9FF}.Debug|x64.Build.0 = Debug|x64
		{37BC27C0-650D-4D38-BB9F-8770AD73F9FF}.Debug|x86.ActiveCfg = Debug|Win32
		{37BC27C0-650D-4D38-BB9F-8770AD73F9FF}.Debug|x86.Build.0 = Debug|Win32
		{37BC27C0-650D-4D38-BB9F-8770AD73F9FF}.Release|x64.ActiveCfg = Release|x64
		{37BC27C0-650D-4D38-BB9F-8770AD73F9FF}.Release|x64.Build.0 = Release|x64
		{37BC27C0-650D-4D38-BB9F-8770AD73F9FF}.Release|x86.ActiveCfg = Release|Win32
		{37BC27C0-650D-4D38-BB9F-8770AD73F9FF}.Release|x86.Build.0 = Release|Win32
	EndGlobalSection
	GlobalSection(SolutionProperties) = preSolution
		HideSolutionNode = FALSE
	EndGlobalSection
	GlobalSection(ExtensibilityGlobals) = postSolution
		SolutionGuid = {081A75A9-E2C8-4F91-B559-5E56F8C92697}
	EndGlobalSection
EndGlobal
